
Microsoft Visual Studio Solution File, Format Version 12.00
# Visual Studio Version 16
VisualStudioVersion = 16.0.32510.428
MinimumVisualStudioVersion = 10.0.40219.1
Project("{FAE04EC0-301F-11D3-BF4B-00C04F79EFBC}") = "WebApplication1", "WebApplication1\WebApplication1.csproj", "{6D66AF30-0D37-43D8-8BF7-453E24C2D4F1}"
EndProject
Global
	GlobalSection(SolutionConfigurationPlatforms) = preSolution
		Debug|Any CPU = Debug|Any CPU
		Release|Any CPU = Release|Any CPU
	EndGlobalSection
	GlobalSection(ProjectConfigurationPlatforms) = postSolution
		{6D66AF30-0D37-43D8-8BF7-453E24C2D4F1}.Debug|Any CPU.ActiveCfg = Debug|Any CPU
		{6D66AF30-0D37-43D8-8BF7-453E24C2D4F1}.Debug|Any CPU.Build.0 = Debug|Any CPU
		{6D66AF30-0D37-43D8-8BF7-453E24C2D4F1}.Release|Any CPU.ActiveCfg = Release|Any CPU
		{6D66AF30-0D37-43D8-8BF7-453E24C2D4F1}.Release|Any CPU.Build.0 = Release|Any CPU
	EndGlobalSection
	GlobalSection(SolutionProperties) = preSolution
		HideSolutionNode = FALSE
	EndGlobalSection
	GlobalSection(ExtensibilityGlobals) = postSolution
		SolutionGuid = {13760DA5-0172-42D1-BE2F-BF5F4DCCD288}
	EndGlobalSection
EndGlobal
